<?xml version="1.0" encoding="utf-8"?>
<Project ToolsVersion="4.0" xmlns="http://schemas.microsoft.com/developer/msbuild/2003">
  <ItemGroup>
    <Filter Include="Pliki źródłowe">
      <UniqueIdentifier>{4FC737F1-C7A5-4376-A066-2A32D752A2FF}</UniqueIdentifier>
      <Extensions>cpp;c;cc;cxx;c++;cppm;ixx;def;odl;idl;hpj;bat;asm;asmx</Extensions>
    </Filter>
    <Filter Include="Pliki nagłówkowe">
      <UniqueIdentifier>{93995380-89BD-4b04-88EB-625FBE52EBFB}</UniqueIdentifier>
      <Extensions>h;hh;hpp;hxx;h++;hm;inl;inc;ipp;xsd</Extensions>
    </Filter>
    <Filter Include="Pliki zasobów">
      <UniqueIdentifier>{67DA6AB6-F800-4c08-8B7A-83BB121AAD01}</UniqueIdentifier>
      <Extensions>rc;ico;cur;bmp;dlg;rc2;rct;bin;rgs;gif;jpg;jpeg;jpe;resx;tiff;tif;png;wav;mfcribbon-ms</Extensions>
    </Filter>
    <Filter Include="Pliki źródłowe\Enemies">
      <UniqueIdentifier>{1d42dbe6-694c-419c-9918-275c178d2d1b}</UniqueIdentifier>
    </Filter>
    <Filter Include="Pliki nagłówkowe\Enemies">
      <UniqueIdentifier>{808ed26c-2c30-458e-a98b-2d6ad6734915}</UniqueIdentifier>
    </Filter>
    <Filter Include="Pliki nagłówkowe\SpaceObjects">
      <UniqueIdentifier>{c1bb0081-9ef8-4cae-b96e-a5284f3e8560}</UniqueIdentifier>
    </Filter>
  </ItemGroup>
  <ItemGroup>
    <ClCompile Include="SpaceWars.cpp">
      <Filter>Pliki źródłowe</Filter>
    </ClCompile>
    <ClCompile Include="Spaceship.cpp">
      <Filter>Pliki źródłowe</Filter>
    </ClCompile>
    <ClCompile Include="Background.cpp">
      <Filter>Pliki źródłowe</Filter>
    </ClCompile>
    <ClCompile Include="SpaceObject.cpp">
      <Filter>Pliki źródłowe\Enemies</Filter>
    </ClCompile>
    <ClCompile Include="Enemies.cpp">
      <Filter>Pliki źródłowe</Filter>
    </ClCompile>
    <ClCompile Include="MeteorEnemy.cpp">
      <Filter>Pliki źródłowe\Enemies</Filter>
    </ClCompile>
    <ClCompile Include="InfoBox.cpp">
      <Filter>Pliki źródłowe</Filter>
    </ClCompile>
    <ClCompile Include="GunShipEnemy.cpp">
      <Filter>Pliki źródłowe\Enemies</Filter>
    </ClCompile>
    <ClCompile Include="BulletEnemy.cpp">
      <Filter>Pliki źródłowe\Enemies</Filter>
    </ClCompile>
    <ClCompile Include="Helpers.cpp">
      <Filter>Pliki źródłowe</Filter>
    </ClCompile>
  </ItemGroup>
  <ItemGroup>
    <ClInclude Include="resource.h">
      <Filter>Pliki nagłówkowe</Filter>
    </ClInclude>
    <ClInclude Include="Spaceship.h">
      <Filter>Pliki nagłówkowe</Filter>
    </ClInclude>
    <ClInclude Include="Background.h">
      <Filter>Pliki nagłówkowe</Filter>
    </ClInclude>
    <ClInclude Include="SpaceObject.h">
      <Filter>Pliki nagłówkowe\Enemies</Filter>
    </ClInclude>
    <ClInclude Include="Enemies.h">
      <Filter>Pliki nagłówkowe</Filter>
    </ClInclude>
    <ClInclude Include="MeteorEnemy.h">
      <Filter>Pliki nagłówkowe\Enemies</Filter>
    </ClInclude>
    <ClInclude Include="InfoBox.h">
      <Filter>Pliki nagłówkowe</Filter>
    </ClInclude>
    <ClInclude Include="GunShipEnemy.h">
      <Filter>Pliki nagłówkowe\Enemies</Filter>
    </ClInclude>
    <ClInclude Include="BulletEnemy.h">
      <Filter>Pliki nagłówkowe\Enemies</Filter>
    </ClInclude>
    <ClInclude Include="Helpers.h">
      <Filter>Pliki nagłówkowe</Filter>
    </ClInclude>
  </ItemGroup>
  <ItemGroup>
    <ResourceCompile Include="ConsoleApplication2.rc">
      <Filter>Pliki zasobów</Filter>
    </ResourceCompile>
  </ItemGroup>
</Project>