<?xml version="1.0" encoding="utf-8"?>
<Project ToolsVersion="4.0" xmlns="http://schemas.microsoft.com/developer/msbuild/2003">
  <ItemGroup>
    <Filter Include="Pliki źródłowe">
      <UniqueIdentifier>{4FC737F1-C7A5-4376-A066-2A32D752A2FF}</UniqueIdentifier>
      <Extensions>cpp;c;cc;cxx;c++;cppm;ixx;def;odl;idl;hpj;bat;asm;asmx</Extensions>
    </Filter>
    <Filter Include="Pliki nagłówkowe">
      <UniqueIdentifier>{93995380-89BD-4b04-88EB-625FBE52EBFB}</UniqueIdentifier>
      <Extensions>h;hh;hpp;hxx;h++;hm;inl;inc;ipp;xsd</Extensions>
    </Filter>
    <Filter Include="Pliki zasobów">
      <UniqueIdentifier>{67DA6AB6-F800-4c08-8B7A-83BB121AAD01}</UniqueIdentifier>
      <Extensions>rc;ico;cur;bmp;dlg;rc2;rct;bin;rgs;gif;jpg;jpeg;jpe;resx;tiff;tif;png;wav;mfcribbon-ms</Extensions>
    </Filter>
    <Filter Include="Pliki nagłówkowe\SpaceObjects">
      <UniqueIdentifier>{c1bb0081-9ef8-4cae-b96e-a5284f3e8560}</UniqueIdentifier>
    </Filter>
    <Filter Include="Pliki źródłowe\SpaceObject">
      <UniqueIdentifier>{1d42dbe6-694c-419c-9918-275c178d2d1b}</UniqueIdentifier>
    </Filter>
    <Filter Include="Pliki źródłowe\SpaceObject\Spaceships">
      <UniqueIdentifier>{71f0d839-33db-4dec-981e-8038bdcfbcc2}</UniqueIdentifier>
    </Filter>
    <Filter Include="Pliki źródłowe\SpaceObject\Bullets">
      <UniqueIdentifier>{b26f4e28-9cac-4f48-a8a5-ee774152cf34}</UniqueIdentifier>
    </Filter>
    <Filter Include="Pliki źródłowe\SpaceObject\Guns">
      <UniqueIdentifier>{e1e33427-07d8-4af9-9327-ee4f88a21e28}</UniqueIdentifier>
    </Filter>
    <Filter Include="Pliki nagłówkowe\SpaceObjects\Spaceships">
      <UniqueIdentifier>{808ed26c-2c30-458e-a98b-2d6ad6734915}</UniqueIdentifier>
    </Filter>
    <Filter Include="Pliki nagłówkowe\SpaceObjects\Bullet">
      <UniqueIdentifier>{5894ac77-b0a9-4982-9a59-caa8fec37935}</UniqueIdentifier>
    </Filter>
    <Filter Include="Pliki nagłówkowe\SpaceObjects\Guns">
      <UniqueIdentifier>{d870680c-5365-4e42-a9f0-cfa5decf8f3c}</UniqueIdentifier>
    </Filter>
  </ItemGroup>
  <ItemGroup>
    <ClCompile Include="SpaceWars.cpp">
      <Filter>Pliki źródłowe</Filter>
    </ClCompile>
    <ClCompile Include="Background.cpp">
      <Filter>Pliki źródłowe</Filter>
    </ClCompile>
    <ClCompile Include="SpaceObject.cpp">
      <Filter>Pliki źródłowe\SpaceObject</Filter>
    </ClCompile>
    <ClCompile Include="InfoBox.cpp">
      <Filter>Pliki źródłowe</Filter>
    </ClCompile>
    <ClCompile Include="Helpers.cpp">
      <Filter>Pliki źródłowe</Filter>
    </ClCompile>
    <ClCompile Include="SpaceshipMeteor.cpp">
      <Filter>Pliki źródłowe\SpaceObject\Spaceships</Filter>
    </ClCompile>
    <ClCompile Include="SpaceshipShooterDefault.cpp">
      <Filter>Pliki źródłowe\SpaceObject\Spaceships</Filter>
    </ClCompile>
    <ClCompile Include="BulletDefault.cpp">
      <Filter>Pliki źródłowe\SpaceObject\Bullets</Filter>
    </ClCompile>
    <ClCompile Include="SpaceObjectsManager.cpp">
      <Filter>Pliki źródłowe</Filter>
    </ClCompile>
    <ClCompile Include="EnemiesCreator.cpp">
      <Filter>Pliki źródłowe</Filter>
    </ClCompile>
    <ClCompile Include="Player.cpp">
      <Filter>Pliki źródłowe</Filter>
    </ClCompile>
    <ClCompile Include="Menu.cpp">
      <Filter>Pliki źródłowe</Filter>
    </ClCompile>
    <ClCompile Include="GunDefault.cpp">
      <Filter>Pliki źródłowe\SpaceObject\Guns</Filter>
    </ClCompile>
    <ClCompile Include="BulletFactory.cpp">
      <Filter>Pliki źródłowe\SpaceObject</Filter>
    </ClCompile>
    <ClCompile Include="GunFactory.cpp">
      <Filter>Pliki źródłowe\SpaceObject</Filter>
    </ClCompile>
    <ClCompile Include="GunDouble.cpp">
      <Filter>Pliki źródłowe\SpaceObject\Guns</Filter>
    </ClCompile>
    <ClCompile Include="Stage.cpp">
      <Filter>Pliki źródłowe</Filter>
    </ClCompile>
    <ClCompile Include="BulletBall.cpp">
      <Filter>Pliki źródłowe\SpaceObject\Bullets</Filter>
    </ClCompile>
    <ClCompile Include="GunBallCannon.cpp">
      <Filter>Pliki źródłowe\SpaceObject\Guns</Filter>
    </ClCompile>
  </ItemGroup>
  <ItemGroup>
    <ClInclude Include="resource.h">
      <Filter>Pliki nagłówkowe</Filter>
    </ClInclude>
    <ClInclude Include="Background.h">
      <Filter>Pliki nagłówkowe</Filter>
    </ClInclude>
    <ClInclude Include="SpaceshipMeteor.h">
      <Filter>Pliki nagłówkowe\SpaceObjects\Spaceships</Filter>
    </ClInclude>
    <ClInclude Include="InfoBox.h">
      <Filter>Pliki nagłówkowe</Filter>
    </ClInclude>
    <ClInclude Include="SpaceshipShooterDefault.h">
      <Filter>Pliki nagłówkowe\SpaceObjects\Spaceships</Filter>
    </ClInclude>
    <ClInclude Include="Helpers.h">
      <Filter>Pliki nagłówkowe</Filter>
    </ClInclude>
    <ClInclude Include="SpaceObjectsManager.h">
      <Filter>Pliki nagłówkowe</Filter>
    </ClInclude>
    <ClInclude Include="EnemiesCreator.h">
      <Filter>Pliki nagłówkowe</Filter>
    </ClInclude>
    <ClInclude Include="Player.h">
      <Filter>Pliki nagłówkowe</Filter>
    </ClInclude>
    <ClInclude Include="Menu.h">
      <Filter>Pliki nagłówkowe</Filter>
    </ClInclude>
    <ClInclude Include="BulletFactory.h">
      <Filter>Pliki nagłówkowe</Filter>
    </ClInclude>
    <ClInclude Include="SpaceObject.h">
      <Filter>Pliki nagłówkowe\SpaceObjects</Filter>
    </ClInclude>
    <ClInclude Include="GunFactory.h">
      <Filter>Pliki nagłówkowe</Filter>
    </ClInclude>
    <ClInclude Include="Stage.h">
      <Filter>Pliki nagłówkowe</Filter>
    </ClInclude>
    <ClInclude Include="BulletDefault.h">
      <Filter>Pliki nagłówkowe\SpaceObjects\Bullet</Filter>
    </ClInclude>
    <ClInclude Include="BulletBall.h">
      <Filter>Pliki nagłówkowe\SpaceObjects\Bullet</Filter>
    </ClInclude>
    <ClInclude Include="GunDefault.h">
      <Filter>Pliki nagłówkowe\SpaceObjects\Guns</Filter>
    </ClInclude>
    <ClInclude Include="GunDouble.h">
      <Filter>Pliki nagłówkowe\SpaceObjects\Guns</Filter>
    </ClInclude>
    <ClInclude Include="GunBallCannon.h">
      <Filter>Pliki nagłówkowe\SpaceObjects\Guns</Filter>
    </ClInclude>
  </ItemGroup>
  <ItemGroup>
    <ResourceCompile Include="ConsoleApplication2.rc">
      <Filter>Pliki zasobów</Filter>
    </ResourceCompile>
  </ItemGroup>
</Project>